// !$*UTF8*$!
{
	archiveVersion = 1;
	classes = {
	};
	objectVersion = 48;
	objects = {

/* Begin PBXBuildFile section */
		52900DE5203827B700291B36 /* AppDelegate.swift in Sources */ = {isa = PBXBuildFile; fileRef = 52900DE4203827B700291B36 /* AppDelegate.swift */; };
		52900DE7203827B700291B36 /* MainViewController.swift in Sources */ = {isa = PBXBuildFile; fileRef = 52900DE6203827B700291B36 /* MainViewController.swift */; };
		52900DEA203827B700291B36 /* Main.storyboard in Resources */ = {isa = PBXBuildFile; fileRef = 52900DE8203827B700291B36 /* Main.storyboard */; };
		52900DEC203827B700291B36 /* Assets.xcassets in Resources */ = {isa = PBXBuildFile; fileRef = 52900DEB203827B700291B36 /* Assets.xcassets */; };
		52900DEF203827B700291B36 /* LaunchScreen.storyboard in Resources */ = {isa = PBXBuildFile; fileRef = 52900DED203827B700291B36 /* LaunchScreen.storyboard */; };
		52900DFA2038397300291B36 /* MainCell.swift in Sources */ = {isa = PBXBuildFile; fileRef = 52900DF92038397300291B36 /* MainCell.swift */; };
		52900DFD20384E1800291B36 /* UIColor+rgb.swift in Sources */ = {isa = PBXBuildFile; fileRef = 52900DFC20384E1800291B36 /* UIColor+rgb.swift */; };
/* End PBXBuildFile section */

/* Begin PBXFileReference section */
		52900DE1203827B700291B36 /* Youtube.app */ = {isa = PBXFileReference; explicitFileType = wrapper.application; includeInIndex = 0; path = Youtube.app; sourceTree = BUILT_PRODUCTS_DIR; };
		52900DE4203827B700291B36 /* AppDelegate.swift */ = {isa = PBXFileReference; lastKnownFileType = sourcecode.swift; path = AppDelegate.swift; sourceTree = "<group>"; };
		52900DE6203827B700291B36 /* MainViewController.swift */ = {isa = PBXFileReference; lastKnownFileType = sourcecode.swift; path = MainViewController.swift; sourceTree = "<group>"; };
		52900DE9203827B700291B36 /* Base */ = {isa = PBXFileReference; lastKnownFileType = file.storyboard; name = Base; path = Base.lproj/Main.storyboard; sourceTree = "<group>"; };
		52900DEB203827B700291B36 /* Assets.xcassets */ = {isa = PBXFileReference; lastKnownFileType = folder.assetcatalog; path = Assets.xcassets; sourceTree = "<group>"; };
		52900DEE203827B700291B36 /* Base */ = {isa = PBXFileReference; lastKnownFileType = file.storyboard; name = Base; path = Base.lproj/LaunchScreen.storyboard; sourceTree = "<group>"; };
		52900DF0203827B700291B36 /* Info.plist */ = {isa = PBXFileReference; lastKnownFileType = text.plist.xml; path = Info.plist; sourceTree = "<group>"; };
		52900DF92038397300291B36 /* MainCell.swift */ = {isa = PBXFileReference; lastKnownFileType = sourcecode.swift; path = MainCell.swift; sourceTree = "<group>"; };
		52900DFC20384E1800291B36 /* UIColor+rgb.swift */ = {isa = PBXFileReference; lastKnownFileType = sourcecode.swift; path = "UIColor+rgb.swift"; sourceTree = "<group>"; };
/* End PBXFileReference section */

/* Begin PBXFrameworksBuildPhase section */
		52900DDE203827B700291B36 /* Frameworks */ = {
			isa = PBXFrameworksBuildPhase;
			buildActionMask = 2147483647;
			files = (
			);
			runOnlyForDeploymentPostprocessing = 0;
		};
/* End PBXFrameworksBuildPhase section */

/* Begin PBXGroup section */
		52900DD8203827B600291B36 = {
			isa = PBXGroup;
			children = (
				52900DE3203827B700291B36 /* Youtube */,
				52900DE2203827B700291B36 /* Products */,
			);
			sourceTree = "<group>";
		};
		52900DE2203827B700291B36 /* Products */ = {
			isa = PBXGroup;
			children = (
				52900DE1203827B700291B36 /* Youtube.app */,
			);
			name = Products;
			sourceTree = "<group>";
		};
		52900DE3203827B700291B36 /* Youtube */ = {
			isa = PBXGroup;
			children = (
				52900DFB20384DFE00291B36 /* Util */,
				52900DF82038394900291B36 /* View */,
				52900DF72038393900291B36 /* Controller */,
				52900DF6203838B700291B36 /* Supporting Files */,
			);
			path = Youtube;
			sourceTree = "<group>";
		};
		52900DF6203838B700291B36 /* Supporting Files */ = {
			isa = PBXGroup;
			children = (
				52900DE4203827B700291B36 /* AppDelegate.swift */,
				52900DE8203827B700291B36 /* Main.storyboard */,
				52900DEB203827B700291B36 /* Assets.xcassets */,
				52900DED203827B700291B36 /* LaunchScreen.storyboard */,
				52900DF0203827B700291B36 /* Info.plist */,
			);
			path = "Supporting Files";
			sourceTree = "<group>";
		};
		52900DF72038393900291B36 /* Controller */ = {
			isa = PBXGroup;
			children = (
				52900DE6203827B700291B36 /* MainViewController.swift */,
			);
			path = Controller;
			sourceTree = "<group>";
		};
		52900DF82038394900291B36 /* View */ = {
			isa = PBXGroup;
			children = (
				52900DF92038397300291B36 /* MainCell.swift */,
			);
			path = View;
			sourceTree = "<group>";
		};
		52900DFB20384DFE00291B36 /* Util */ = {
			isa = PBXGroup;
			children = (
				52900DFC20384E1800291B36 /* UIColor+rgb.swift */,
			);
			path = Util;
			sourceTree = "<group>";
		};
/* End PBXGroup section */

/* Begin PBXNativeTarget section */
		52900DE0203827B700291B36 /* Youtube */ = {
			isa = PBXNativeTarget;
			buildConfigurationList = 52900DF3203827B700291B36 /* Build configuration list for PBXNativeTarget "Youtube" */;
			buildPhases = (
				52900DDD203827B700291B36 /* Sources */,
				52900DDE203827B700291B36 /* Frameworks */,
				52900DDF203827B700291B36 /* Resources */,
			);
			buildRules = (
			);
			dependencies = (
			);
			name = Youtube;
			productName = Youtube;
			productReference = 52900DE1203827B700291B36 /* Youtube.app */;
			productType = "com.apple.product-type.application";
		};
/* End PBXNativeTarget section */

/* Begin PBXProject section */
		52900DD9203827B600291B36 /* Project object */ = {
			isa = PBXProject;
			attributes = {
				LastSwiftUpdateCheck = 0920;
				LastUpgradeCheck = 0920;
				ORGANIZATIONNAME = "徐永宏";
				TargetAttributes = {
					52900DE0203827B700291B36 = {
						CreatedOnToolsVersion = 9.2;
						ProvisioningStyle = Automatic;
					};
				};
			};
			buildConfigurationList = 52900DDC203827B600291B36 /* Build configuration list for PBXProject "Youtube" */;
			compatibilityVersion = "Xcode 8.0";
			developmentRegion = en;
			hasScannedForEncodings = 0;
			knownRegions = (
				en,
				Base,
			);
			mainGroup = 52900DD8203827B600291B36;
			productRefGroup = 52900DE2203827B700291B36 /* Products */;
			projectDirPath = "";
			projectRoot = "";
			targets = (
				52900DE0203827B700291B36 /* Youtube */,
			);
		};
/* End PBXProject section */

/* Begin PBXResourcesBuildPhase section */
		52900DDF203827B700291B36 /* Resources */ = {
			isa = PBXResourcesBuildPhase;
			buildActionMask = 2147483647;
			files = (
				52900DEF203827B700291B36 /* LaunchScreen.storyboard in Resources */,
				52900DEC203827B700291B36 /* Assets.xcassets in Resources */,
				52900DEA203827B700291B36 /* Main.storyboard in Resources */,
			);
			runOnlyForDeploymentPostprocessing = 0;
		};
/* End PBXResourcesBuildPhase section */

/* Begin PBXSourcesBuildPhase section */
		52900DDD203827B700291B36 /* Sources */ = {
			isa = PBXSourcesBuildPhase;
			buildActionMask = 2147483647;
			files = (
				52900DE7203827B700291B36 /* MainViewController.swift in Sources */,
				52900DE5203827B700291B36 /* AppDelegate.swift in Sources */,
				52900DFA2038397300291B36 /* MainCell.swift in Sources */,
				52900DFD20384E1800291B36 /* UIColor+rgb.swift in Sources */,
			);
			runOnlyForDeploymentPostprocessing = 0;
		};
/* End PBXSourcesBuildPhase section */

/* Begin PBXVariantGroup section */
		52900DE8203827B700291B36 /* Main.storyboard */ = {
			isa = PBXVariantGroup;
			children = (
				52900DE9203827B700291B36 /* Base */,
			);
			name = Main.storyboard;
			sourceTree = "<group>";
		};
		52900DED203827B700291B36 /* LaunchScreen.storyboard */ = {
			isa = PBXVariantGroup;
			children = (
				52900DEE203827B700291B36 /* Base */,
			);
			name = LaunchScreen.storyboard;
			sourceTree = "<group>";
		};
/* End PBXVariantGroup section */

/* Begin XCBuildConfiguration section */
		52900DF1203827B700291B36 /* Debug */ = {
			isa = XCBuildConfiguration;
			buildSettings = {
				ALWAYS_SEARCH_USER_PATHS = NO;
				CLANG_ANALYZER_NONNULL = YES;
				CLANG_ANALYZER_NUMBER_OBJECT_CONVERSION = YES_AGGRESSIVE;
				CLANG_CXX_LANGUAGE_STANDARD = "gnu++14";
				CLANG_CXX_LIBRARY = "libc++";
				CLANG_ENABLE_MODULES = YES;
				CLANG_ENABLE_OBJC_ARC = YES;
				CLANG_WARN_BLOCK_CAPTURE_AUTORELEASING = YES;
				CLANG_WARN_BOOL_CONVERSION = YES;
				CLANG_WARN_COMMA = YES;
				CLANG_WARN_CONSTANT_CONVERSION = YES;
				CLANG_WARN_DIRECT_OBJC_ISA_USAGE = YES_ERROR;
				CLANG_WARN_DOCUMENTATION_COMMENTS = YES;
				CLANG_WARN_EMPTY_BODY = YES;
				CLANG_WARN_ENUM_CONVERSION = YES;
				CLANG_WARN_INFINITE_RECURSION = YES;
				CLANG_WARN_INT_CONVERSION = YES;
				CLANG_WARN_NON_LITERAL_NULL_CONVERSION = YES;
				CLANG_WARN_OBJC_LITERAL_CONVERSION = YES;
				CLANG_WARN_OBJC_ROOT_CLASS = YES_ERROR;
				CLANG_WARN_RANGE_LOOP_ANALYSIS = YES;
				CLANG_WARN_STRICT_PROTOTYPES = YES;
				CLANG_WARN_SUSPICIOUS_MOVE = YES;
				CLANG_WARN_UNGUARDED_AVAILABILITY = YES_AGGRESSIVE;
				CLANG_WARN_UNREACHABLE_CODE = YES;
				CLANG_WARN__DUPLICATE_METHOD_MATCH = YES;
				CODE_SIGN_IDENTITY = "iPhone Developer";
				COPY_PHASE_STRIP = NO;
				DEBUG_INFORMATION_FORMAT = dwarf;
				ENABLE_STRICT_OBJC_MSGSEND = YES;
				ENABLE_TESTABILITY = YES;
				GCC_C_LANGUAGE_STANDARD = gnu11;
				GCC_DYNAMIC_NO_PIC = NO;
				GCC_NO_COMMON_BLOCKS = YES;
				GCC_OPTIMIZATION_LEVEL = 0;
				GCC_PREPROCESSOR_DEFINITIONS = (
					"DEBUG=1",
					"$(inherited)",
				);
				GCC_WARN_64_TO_32_BIT_CONVERSION = YES;
				GCC_WARN_ABOUT_RETURN_TYPE = YES_ERROR;
				GCC_WARN_UNDECLARED_SELECTOR = YES;
				GCC_WARN_UNINITIALIZED_AUTOS = YES_AGGRESSIVE;
				GCC_WARN_UNUSED_FUNCTION = YES;
				GCC_WARN_UNUSED_VARIABLE = YES;
				IPHONEOS_DEPLOYMENT_TARGET = 11.2;
				MTL_ENABLE_DEBUG_INFO = YES;
				ONLY_ACTIVE_ARCH = YES;
				SDKROOT = iphoneos;
				SWIFT_ACTIVE_COMPILATION_CONDITIONS = DEBUG;
				SWIFT_OPTIMIZATION_LEVEL = "-Onone";
			};
			name = Debug;
		};
		52900DF2203827B700291B36 /* Release */ = {
			isa = XCBuildConfiguration;
			buildSettings = {
				ALWAYS_SEARCH_USER_PATHS = NO;
				CLANG_ANALYZER_NONNULL = YES;
				CLANG_ANALYZER_NUMBER_OBJECT_CONVERSION = YES_AGGRESSIVE;
				CLANG_CXX_LANGUAGE_STANDARD = "gnu++14";
				CLANG_CXX_LIBRARY = "libc++";
				CLANG_ENABLE_MODULES = YES;
				CLANG_ENABLE_OBJC_ARC = YES;
				CLANG_WARN_BLOCK_CAPTURE_AUTORELEASING = YES;
				CLANG_WARN_BOOL_CONVERSION = YES;
				CLANG_WARN_COMMA = YES;
				CLANG_WARN_CONSTANT_CONVERSION = YES;
				CLANG_WARN_DIRECT_OBJC_ISA_USAGE = YES_ERROR;
				CLANG_WARN_DOCUMENTATION_COMMENTS = YES;
				CLANG_WARN_EMPTY_BODY = YES;
				CLANG_WARN_ENUM_CONVERSION = YES;
				CLANG_WARN_INFINITE_RECURSION = YES;
				CLANG_WARN_INT_CONVERSION = YES;
				CLANG_WARN_NON_LITERAL_NULL_CONVERSION = YES;
				CLANG_WARN_OBJC_LITERAL_CONVERSION = YES;
				CLANG_WARN_OBJC_ROOT_CLASS = YES_ERROR;
				CLANG_WARN_RANGE_LOOP_ANALYSIS = YES;
				CLANG_WARN_STRICT_PROTOTYPES = YES;
				CLANG_WARN_SUSPICIOUS_MOVE = YES;
				CLANG_WARN_UNGUARDED_AVAILABILITY = YES_AGGRESSIVE;
				CLANG_WARN_UNREACHABLE_CODE = YES;
				CLANG_WARN__DUPLICATE_METHOD_MATCH = YES;
				CODE_SIGN_IDENTITY = "iPhone Developer";
				COPY_PHASE_STRIP = NO;
				DEBUG_INFORMATION_FORMAT = "dwarf-with-dsym";
				ENABLE_NS_ASSERTIONS = NO;
				ENABLE_STRICT_OBJC_MSGSEND = YES;
				GCC_C_LANGUAGE_STANDARD = gnu11;
				GCC_NO_COMMON_BLOCKS = YES;
				GCC_WARN_64_TO_32_BIT_CONVERSION = YES;
				GCC_WARN_ABOUT_RETURN_TYPE = YES_ERROR;
				GCC_WARN_UNDECLARED_SELECTOR = YES;
				GCC_WARN_UNINITIALIZED_AUTOS = YES_AGGRESSIVE;
				GCC_WARN_UNUSED_FUNCTION = YES;
				GCC_WARN_UNUSED_VARIABLE = YES;
				IPHONEOS_DEPLOYMENT_TARGET = 11.2;
				MTL_ENABLE_DEBUG_INFO = NO;
				SDKROOT = iphoneos;
				SWIFT_OPTIMIZATION_LEVEL = "-Owholemodule";
				VALIDATE_PRODUCT = YES;
			};
			name = Release;
		};
		52900DF4203827B700291B36 /* Debug */ = {
			isa = XCBuildConfiguration;
			buildSettings = {
				ASSETCATALOG_COMPILER_APPICON_NAME = AppIcon;
				CODE_SIGN_STYLE = Automatic;
				DEVELOPMENT_TEAM = FXQDZW7GNW;
				INFOPLIST_FILE = "Youtube/Supporting Files/Info.plist";
				LD_RUNPATH_SEARCH_PATHS = "$(inherited) @executable_path/Frameworks";
				PRODUCT_BUNDLE_IDENTIFIER = com.yonhomx.Youtube;
				PRODUCT_NAME = "$(TARGET_NAME)";
				SWIFT_VERSION = 4.0;
				TARGETED_DEVICE_FAMILY = "1,2";
			};
			name = Debug;
		};
		52900DF5203827B700291B36 /* Release */ = {
			isa = XCBuildConfiguration;
			buildSettings = {
				ASSETCATALOG_COMPILER_APPICON_NAME = AppIcon;
				CODE_SIGN_STYLE = Automatic;
				DEVELOPMENT_TEAM = FXQDZW7GNW;
				INFOPLIST_FILE = "Youtube/Supporting Files/Info.plist";
				LD_RUNPATH_SEARCH_PATHS = "$(inherited) @executable_path/Frameworks";
				PRODUCT_BUNDLE_IDENTIFIER = com.yonhomx.Youtube;
				PRODUCT_NAME = "$(TARGET_NAME)";
				SWIFT_VERSION = 4.0;
				TARGETED_DEVICE_FAMILY = "1,2";
			};
			name = Release;
		};
/* End XCBuildConfiguration section */

/* Begin XCConfigurationList section */
		52900DDC203827B600291B36 /* Build configuration list for PBXProject "Youtube" */ = {
			isa = XCConfigurationList;
			buildConfigurations = (
				52900DF1203827B700291B36 /* Debug */,
				52900DF2203827B700291B36 /* Release */,
			);
			defaultConfigurationIsVisible = 0;
			defaultConfigurationName = Release;
		};
		52900DF3203827B700291B36 /* Build configuration list for PBXNativeTarget "Youtube" */ = {
			isa = XCConfigurationList;
			buildConfigurations = (
				52900DF4203827B700291B36 /* Debug */,
				52900DF5203827B700291B36 /* Release */,
			);
			defaultConfigurationIsVisible = 0;
			defaultConfigurationName = Release;
		};
/* End XCConfigurationList section */
	};
	rootObject = 52900DD9203827B600291B36 /* Project object */;
}
